// !$*UTF8*$!
{
	archiveVersion = 1;
	classes = {
	};
	objectVersion = 46;
	objects = {

/* Begin PBXBuildFile section */
		307675E71A077DFD00274788 /* main.m in Sources */ = {isa = PBXBuildFile; fileRef = 307675E61A077DFD00274788 /* main.m */; };
		307675EA1A077DFD00274788 /* AppDelegate.m in Sources */ = {isa = PBXBuildFile; fileRef = 307675E91A077DFD00274788 /* AppDelegate.m */; };
		307675ED1A077DFD00274788 /* MainScene.m in Sources */ = {isa = PBXBuildFile; fileRef = 307675EC1A077DFD00274788 /* MainScene.m */; };
		307675F21A077DFD00274788 /* GameViewController.m in Sources */ = {isa = PBXBuildFile; fileRef = 307675F11A077DFD00274788 /* GameViewController.m */; };
		307675F51A077DFD00274788 /* Main.storyboard in Resources */ = {isa = PBXBuildFile; fileRef = 307675F31A077DFD00274788 /* Main.storyboard */; };
		307675F71A077DFD00274788 /* Images.xcassets in Resources */ = {isa = PBXBuildFile; fileRef = 307675F61A077DFD00274788 /* Images.xcassets */; };
		307675FA1A077DFD00274788 /* LaunchScreen.xib in Resources */ = {isa = PBXBuildFile; fileRef = 307675F81A077DFD00274788 /* LaunchScreen.xib */; };
		307676061A077DFD00274788 /* CreativeTestTests.m in Sources */ = {isa = PBXBuildFile; fileRef = 307676051A077DFD00274788 /* CreativeTestTests.m */; };
		308F3E831A08EC46001B999B /* VortexDisplay.m in Sources */ = {isa = PBXBuildFile; fileRef = 308F3E821A08EC46001B999B /* VortexDisplay.m */; };
		308F3E861A08EE76001B999B /* CircularDisplay.m in Sources */ = {isa = PBXBuildFile; fileRef = 308F3E851A08EE76001B999B /* CircularDisplay.m */; };
		308F3E891A08FCA9001B999B /* alphabot.ttf in Resources */ = {isa = PBXBuildFile; fileRef = 308F3E881A08FC8C001B999B /* alphabot.ttf */; };
		308F3E8A1A08FCAB001B999B /* alphabot.ttf in Resources */ = {isa = PBXBuildFile; fileRef = 308F3E881A08FC8C001B999B /* alphabot.ttf */; };
		CB7FED721A0A2C0C0005A712 /* ButtonNode.m in Sources */ = {isa = PBXBuildFile; fileRef = CB7FED711A0A2C0C0005A712 /* ButtonNode.m */; };
		CBCFA3121A0BF13500315796 /* ConsoleDisplay.m in Sources */ = {isa = PBXBuildFile; fileRef = CBCFA3111A0BF13500315796 /* ConsoleDisplay.m */; };
		CBCFA3151A0BF8FC00315796 /* DisplayNode.m in Sources */ = {isa = PBXBuildFile; fileRef = CBCFA3141A0BF8FC00315796 /* DisplayNode.m */; };
		CBF901991A09710500957301 /* ChartNode.m in Sources */ = {isa = PBXBuildFile; fileRef = CBF901981A09710500957301 /* ChartNode.m */; };
/* End PBXBuildFile section */

/* Begin PBXContainerItemProxy section */
		307676001A077DFD00274788 /* PBXContainerItemProxy */ = {
			isa = PBXContainerItemProxy;
			containerPortal = 307675D91A077DFD00274788 /* Project object */;
			proxyType = 1;
			remoteGlobalIDString = 307675E01A077DFD00274788;
			remoteInfo = CreativeTest;
		};
/* End PBXContainerItemProxy section */

/* Begin PBXFileReference section */
		307675E11A077DFD00274788 /* CreativeTest.app */ = {isa = PBXFileReference; explicitFileType = wrapper.application; includeInIndex = 0; path = CreativeTest.app; sourceTree = BUILT_PRODUCTS_DIR; };
		307675E51A077DFD00274788 /* Info.plist */ = {isa = PBXFileReference; lastKnownFileType = text.plist.xml; path = Info.plist; sourceTree = "<group>"; };
		307675E61A077DFD00274788 /* main.m */ = {isa = PBXFileReference; lastKnownFileType = sourcecode.c.objc; path = main.m; sourceTree = "<group>"; };
		307675E81A077DFD00274788 /* AppDelegate.h */ = {isa = PBXFileReference; lastKnownFileType = sourcecode.c.h; path = AppDelegate.h; sourceTree = "<group>"; };
		307675E91A077DFD00274788 /* AppDelegate.m */ = {isa = PBXFileReference; lastKnownFileType = sourcecode.c.objc; path = AppDelegate.m; sourceTree = "<group>"; };
		307675EB1A077DFD00274788 /* MainScene.h */ = {isa = PBXFileReference; lastKnownFileType = sourcecode.c.h; path = MainScene.h; sourceTree = "<group>"; };
		307675EC1A077DFD00274788 /* MainScene.m */ = {isa = PBXFileReference; lastKnownFileType = sourcecode.c.objc; path = MainScene.m; sourceTree = "<group>"; };
		307675F01A077DFD00274788 /* GameViewController.h */ = {isa = PBXFileReference; lastKnownFileType = sourcecode.c.h; path = GameViewController.h; sourceTree = "<group>"; };
		307675F11A077DFD00274788 /* GameViewController.m */ = {isa = PBXFileReference; lastKnownFileType = sourcecode.c.objc; path = GameViewController.m; sourceTree = "<group>"; };
		307675F41A077DFD00274788 /* Base */ = {isa = PBXFileReference; lastKnownFileType = file.storyboard; name = Base; path = Base.lproj/Main.storyboard; sourceTree = "<group>"; };
		307675F61A077DFD00274788 /* Images.xcassets */ = {isa = PBXFileReference; lastKnownFileType = folder.assetcatalog; path = Images.xcassets; sourceTree = "<group>"; };
		307675F91A077DFD00274788 /* Base */ = {isa = PBXFileReference; lastKnownFileType = file.xib; name = Base; path = Base.lproj/LaunchScreen.xib; sourceTree = "<group>"; };
		307675FF1A077DFD00274788 /* CreativeTestTests.xctest */ = {isa = PBXFileReference; explicitFileType = wrapper.cfbundle; includeInIndex = 0; path = CreativeTestTests.xctest; sourceTree = BUILT_PRODUCTS_DIR; };
		307676041A077DFD00274788 /* Info.plist */ = {isa = PBXFileReference; lastKnownFileType = text.plist.xml; path = Info.plist; sourceTree = "<group>"; };
		307676051A077DFD00274788 /* CreativeTestTests.m */ = {isa = PBXFileReference; lastKnownFileType = sourcecode.c.objc; path = CreativeTestTests.m; sourceTree = "<group>"; };
		308F3E811A08EC46001B999B /* VortexDisplay.h */ = {isa = PBXFileReference; fileEncoding = 4; lastKnownFileType = sourcecode.c.h; path = VortexDisplay.h; sourceTree = "<group>"; };
		308F3E821A08EC46001B999B /* VortexDisplay.m */ = {isa = PBXFileReference; fileEncoding = 4; lastKnownFileType = sourcecode.c.objc; path = VortexDisplay.m; sourceTree = "<group>"; };
		308F3E841A08EE76001B999B /* CircularDisplay.h */ = {isa = PBXFileReference; fileEncoding = 4; lastKnownFileType = sourcecode.c.h; path = CircularDisplay.h; sourceTree = "<group>"; };
		308F3E851A08EE76001B999B /* CircularDisplay.m */ = {isa = PBXFileReference; fileEncoding = 4; lastKnownFileType = sourcecode.c.objc; path = CircularDisplay.m; sourceTree = "<group>"; };
		308F3E881A08FC8C001B999B /* alphabot.ttf */ = {isa = PBXFileReference; lastKnownFileType = file; path = alphabot.ttf; sourceTree = "<group>"; };
		CB7FED701A0A2C0C0005A712 /* ButtonNode.h */ = {isa = PBXFileReference; fileEncoding = 4; lastKnownFileType = sourcecode.c.h; path = ButtonNode.h; sourceTree = "<group>"; };
		CB7FED711A0A2C0C0005A712 /* ButtonNode.m */ = {isa = PBXFileReference; fileEncoding = 4; lastKnownFileType = sourcecode.c.objc; path = ButtonNode.m; sourceTree = "<group>"; };
		CBCFA3101A0BF13500315796 /* ConsoleDisplay.h */ = {isa = PBXFileReference; fileEncoding = 4; lastKnownFileType = sourcecode.c.h; path = ConsoleDisplay.h; sourceTree = "<group>"; };
		CBCFA3111A0BF13500315796 /* ConsoleDisplay.m */ = {isa = PBXFileReference; fileEncoding = 4; lastKnownFileType = sourcecode.c.objc; path = ConsoleDisplay.m; sourceTree = "<group>"; };
		CBCFA3131A0BF8FC00315796 /* DisplayNode.h */ = {isa = PBXFileReference; fileEncoding = 4; lastKnownFileType = sourcecode.c.h; path = DisplayNode.h; sourceTree = "<group>"; };
		CBCFA3141A0BF8FC00315796 /* DisplayNode.m */ = {isa = PBXFileReference; fileEncoding = 4; lastKnownFileType = sourcecode.c.objc; path = DisplayNode.m; sourceTree = "<group>"; };
		CBF901971A09710500957301 /* ChartNode.h */ = {isa = PBXFileReference; fileEncoding = 4; lastKnownFileType = sourcecode.c.h; path = ChartNode.h; sourceTree = "<group>"; };
		CBF901981A09710500957301 /* ChartNode.m */ = {isa = PBXFileReference; fileEncoding = 4; lastKnownFileType = sourcecode.c.objc; path = ChartNode.m; sourceTree = "<group>"; };
/* End PBXFileReference section */

/* Begin PBXFrameworksBuildPhase section */
		307675DE1A077DFD00274788 /* Frameworks */ = {
			isa = PBXFrameworksBuildPhase;
			buildActionMask = 2147483647;
			files = (
			);
			runOnlyForDeploymentPostprocessing = 0;
		};
		307675FC1A077DFD00274788 /* Frameworks */ = {
			isa = PBXFrameworksBuildPhase;
			buildActionMask = 2147483647;
			files = (
			);
			runOnlyForDeploymentPostprocessing = 0;
		};
/* End PBXFrameworksBuildPhase section */

/* Begin PBXGroup section */
		307675D81A077DFD00274788 = {
			isa = PBXGroup;
			children = (
				307675E31A077DFD00274788 /* CreativeTest */,
				307676021A077DFD00274788 /* CreativeTestTests */,
				307675E21A077DFD00274788 /* Products */,
			);
			sourceTree = "<group>";
		};
		307675E21A077DFD00274788 /* Products */ = {
			isa = PBXGroup;
			children = (
				307675E11A077DFD00274788 /* CreativeTest.app */,
				307675FF1A077DFD00274788 /* CreativeTestTests.xctest */,
			);
			name = Products;
			sourceTree = "<group>";
		};
		307675E31A077DFD00274788 /* CreativeTest */ = {
			isa = PBXGroup;
			children = (
				307675E81A077DFD00274788 /* AppDelegate.h */,
				307675E91A077DFD00274788 /* AppDelegate.m */,
				307675EB1A077DFD00274788 /* MainScene.h */,
				307675EC1A077DFD00274788 /* MainScene.m */,
				308F3E871A08EE7B001B999B /* DisplayElements */,
				307675F01A077DFD00274788 /* GameViewController.h */,
				307675F11A077DFD00274788 /* GameViewController.m */,
				308F3E881A08FC8C001B999B /* alphabot.ttf */,
				307675F31A077DFD00274788 /* Main.storyboard */,
				307675F61A077DFD00274788 /* Images.xcassets */,
				307675F81A077DFD00274788 /* LaunchScreen.xib */,
				307675E41A077DFD00274788 /* Supporting Files */,
			);
			path = CreativeTest;
			sourceTree = "<group>";
		};
		307675E41A077DFD00274788 /* Supporting Files */ = {
			isa = PBXGroup;
			children = (
				307675E51A077DFD00274788 /* Info.plist */,
				307675E61A077DFD00274788 /* main.m */,
			);
			name = "Supporting Files";
			sourceTree = "<group>";
		};
		307676021A077DFD00274788 /* CreativeTestTests */ = {
			isa = PBXGroup;
			children = (
				307676051A077DFD00274788 /* CreativeTestTests.m */,
				307676031A077DFD00274788 /* Supporting Files */,
			);
			path = CreativeTestTests;
			sourceTree = "<group>";
		};
		307676031A077DFD00274788 /* Supporting Files */ = {
			isa = PBXGroup;
			children = (
				307676041A077DFD00274788 /* Info.plist */,
			);
			name = "Supporting Files";
			sourceTree = "<group>";
		};
		308F3E871A08EE7B001B999B /* DisplayElements */ = {
			isa = PBXGroup;
			children = (
				CBCFA3131A0BF8FC00315796 /* DisplayNode.h */,
				CBCFA3141A0BF8FC00315796 /* DisplayNode.m */,
				308F3E811A08EC46001B999B /* VortexDisplay.h */,
				308F3E821A08EC46001B999B /* VortexDisplay.m */,
				308F3E841A08EE76001B999B /* CircularDisplay.h */,
				308F3E851A08EE76001B999B /* CircularDisplay.m */,
				CBF901971A09710500957301 /* ChartNode.h */,
				CBF901981A09710500957301 /* ChartNode.m */,
				CB7FED701A0A2C0C0005A712 /* ButtonNode.h */,
				CB7FED711A0A2C0C0005A712 /* ButtonNode.m */,
				CBCFA3101A0BF13500315796 /* ConsoleDisplay.h */,
				CBCFA3111A0BF13500315796 /* ConsoleDisplay.m */,
			);
			name = DisplayElements;
			sourceTree = "<group>";
		};
/* End PBXGroup section */

/* Begin PBXNativeTarget section */
		307675E01A077DFD00274788 /* CreativeTest */ = {
			isa = PBXNativeTarget;
			buildConfigurationList = 307676091A077DFD00274788 /* Build configuration list for PBXNativeTarget "CreativeTest" */;
			buildPhases = (
				307675DD1A077DFD00274788 /* Sources */,
				307675DE1A077DFD00274788 /* Frameworks */,
				307675DF1A077DFD00274788 /* Resources */,
			);
			buildRules = (
			);
			dependencies = (
			);
			name = CreativeTest;
			productName = CreativeTest;
			productReference = 307675E11A077DFD00274788 /* CreativeTest.app */;
			productType = "com.apple.product-type.application";
		};
		307675FE1A077DFD00274788 /* CreativeTestTests */ = {
			isa = PBXNativeTarget;
			buildConfigurationList = 3076760C1A077DFD00274788 /* Build configuration list for PBXNativeTarget "CreativeTestTests" */;
			buildPhases = (
				307675FB1A077DFD00274788 /* Sources */,
				307675FC1A077DFD00274788 /* Frameworks */,
				307675FD1A077DFD00274788 /* Resources */,
			);
			buildRules = (
			);
			dependencies = (
				307676011A077DFD00274788 /* PBXTargetDependency */,
			);
			name = CreativeTestTests;
			productName = CreativeTestTests;
			productReference = 307675FF1A077DFD00274788 /* CreativeTestTests.xctest */;
			productType = "com.apple.product-type.bundle.unit-test";
		};
/* End PBXNativeTarget section */

/* Begin PBXProject section */
		307675D91A077DFD00274788 /* Project object */ = {
			isa = PBXProject;
			attributes = {
				LastUpgradeCheck = 0610;
				ORGANIZATIONNAME = endanke;
				TargetAttributes = {
					307675E01A077DFD00274788 = {
						CreatedOnToolsVersion = 6.1;
					};
					307675FE1A077DFD00274788 = {
						CreatedOnToolsVersion = 6.1;
						TestTargetID = 307675E01A077DFD00274788;
					};
				};
			};
			buildConfigurationList = 307675DC1A077DFD00274788 /* Build configuration list for PBXProject "CreativeTest" */;
			compatibilityVersion = "Xcode 3.2";
			developmentRegion = English;
			hasScannedForEncodings = 0;
			knownRegions = (
				en,
				Base,
			);
			mainGroup = 307675D81A077DFD00274788;
			productRefGroup = 307675E21A077DFD00274788 /* Products */;
			projectDirPath = "";
			projectRoot = "";
			targets = (
				307675E01A077DFD00274788 /* CreativeTest */,
				307675FE1A077DFD00274788 /* CreativeTestTests */,
			);
		};
/* End PBXProject section */

/* Begin PBXResourcesBuildPhase section */
		307675DF1A077DFD00274788 /* Resources */ = {
			isa = PBXResourcesBuildPhase;
			buildActionMask = 2147483647;
			files = (
				307675FA1A077DFD00274788 /* LaunchScreen.xib in Resources */,
				307675F71A077DFD00274788 /* Images.xcassets in Resources */,
				307675F51A077DFD00274788 /* Main.storyboard in Resources */,
				308F3E891A08FCA9001B999B /* alphabot.ttf in Resources */,
			);
			runOnlyForDeploymentPostprocessing = 0;
		};
		307675FD1A077DFD00274788 /* Resources */ = {
			isa = PBXResourcesBuildPhase;
			buildActionMask = 2147483647;
			files = (
				308F3E8A1A08FCAB001B999B /* alphabot.ttf in Resources */,
			);
			runOnlyForDeploymentPostprocessing = 0;
		};
/* End PBXResourcesBuildPhase section */

/* Begin PBXSourcesBuildPhase section */
		307675DD1A077DFD00274788 /* Sources */ = {
			isa = PBXSourcesBuildPhase;
			buildActionMask = 2147483647;
			files = (
				CB7FED721A0A2C0C0005A712 /* ButtonNode.m in Sources */,
				307675F21A077DFD00274788 /* GameViewController.m in Sources */,
				CBCFA3151A0BF8FC00315796 /* DisplayNode.m in Sources */,
				CBF901991A09710500957301 /* ChartNode.m in Sources */,
				307675EA1A077DFD00274788 /* AppDelegate.m in Sources */,
				307675ED1A077DFD00274788 /* MainScene.m in Sources */,
				CBCFA3121A0BF13500315796 /* ConsoleDisplay.m in Sources */,
				308F3E861A08EE76001B999B /* CircularDisplay.m in Sources */,
				307675E71A077DFD00274788 /* main.m in Sources */,
				308F3E831A08EC46001B999B /* VortexDisplay.m in Sources */,
			);
			runOnlyForDeploymentPostprocessing = 0;
		};
		307675FB1A077DFD00274788 /* Sources */ = {
			isa = PBXSourcesBuildPhase;
			buildActionMask = 2147483647;
			files = (
				307676061A077DFD00274788 /* CreativeTestTests.m in Sources */,
			);
			runOnlyForDeploymentPostprocessing = 0;
		};
/* End PBXSourcesBuildPhase section */

/* Begin PBXTargetDependency section */
		307676011A077DFD00274788 /* PBXTargetDependency */ = {
			isa = PBXTargetDependency;
			target = 307675E01A077DFD00274788 /* CreativeTest */;
			targetProxy = 307676001A077DFD00274788 /* PBXContainerItemProxy */;
		};
/* End PBXTargetDependency section */

/* Begin PBXVariantGroup section */
		307675F31A077DFD00274788 /* Main.storyboard */ = {
			isa = PBXVariantGroup;
			children = (
				307675F41A077DFD00274788 /* Base */,
			);
			name = Main.storyboard;
			sourceTree = "<group>";
		};
		307675F81A077DFD00274788 /* LaunchScreen.xib */ = {
			isa = PBXVariantGroup;
			children = (
				307675F91A077DFD00274788 /* Base */,
			);
			name = LaunchScreen.xib;
			sourceTree = "<group>";
		};
/* End PBXVariantGroup section */

/* Begin XCBuildConfiguration section */
		307676071A077DFD00274788 /* Debug */ = {
			isa = XCBuildConfiguration;
			buildSettings = {
				ALWAYS_SEARCH_USER_PATHS = NO;
				CLANG_CXX_LANGUAGE_STANDARD = "gnu++0x";
				CLANG_CXX_LIBRARY = "libc++";
				CLANG_ENABLE_MODULES = YES;
				CLANG_ENABLE_OBJC_ARC = YES;
				CLANG_WARN_BOOL_CONVERSION = YES;
				CLANG_WARN_CONSTANT_CONVERSION = YES;
				CLANG_WARN_DIRECT_OBJC_ISA_USAGE = YES_ERROR;
				CLANG_WARN_EMPTY_BODY = YES;
				CLANG_WARN_ENUM_CONVERSION = YES;
				CLANG_WARN_INT_CONVERSION = YES;
				CLANG_WARN_OBJC_ROOT_CLASS = YES_ERROR;
				CLANG_WARN_UNREACHABLE_CODE = YES;
				CLANG_WARN__DUPLICATE_METHOD_MATCH = YES;
				"CODE_SIGN_IDENTITY[sdk=iphoneos*]" = "iPhone Developer";
				COPY_PHASE_STRIP = NO;
				ENABLE_STRICT_OBJC_MSGSEND = YES;
				GCC_C_LANGUAGE_STANDARD = gnu99;
				GCC_DYNAMIC_NO_PIC = NO;
				GCC_OPTIMIZATION_LEVEL = 0;
				GCC_PREPROCESSOR_DEFINITIONS = (
					"DEBUG=1",
					"$(inherited)",
				);
				GCC_SYMBOLS_PRIVATE_EXTERN = NO;
				GCC_WARN_64_TO_32_BIT_CONVERSION = YES;
				GCC_WARN_ABOUT_RETURN_TYPE = YES_ERROR;
				GCC_WARN_UNDECLARED_SELECTOR = YES;
				GCC_WARN_UNINITIALIZED_AUTOS = YES_AGGRESSIVE;
				GCC_WARN_UNUSED_FUNCTION = YES;
				GCC_WARN_UNUSED_VARIABLE = YES;
				IPHONEOS_DEPLOYMENT_TARGET = 8.1;
				MTL_ENABLE_DEBUG_INFO = YES;
				ONLY_ACTIVE_ARCH = YES;
				SDKROOT = iphoneos;
				TARGETED_DEVICE_FAMILY = "1,2";
			};
			name = Debug;
		};
		307676081A077DFD00274788 /* Release */ = {
			isa = XCBuildConfiguration;
			buildSettings = {
				ALWAYS_SEARCH_USER_PATHS = NO;
				CLANG_CXX_LANGUAGE_STANDARD = "gnu++0x";
				CLANG_CXX_LIBRARY = "libc++";
				CLANG_ENABLE_MODULES = YES;
				CLANG_ENABLE_OBJC_ARC = YES;
				CLANG_WARN_BOOL_CONVERSION = YES;
				CLANG_WARN_CONSTANT_CONVERSION = YES;
				CLANG_WARN_DIRECT_OBJC_ISA_USAGE = YES_ERROR;
				CLANG_WARN_EMPTY_BODY = YES;
				CLANG_WARN_ENUM_CONVERSION = YES;
				CLANG_WARN_INT_CONVERSION = YES;
				CLANG_WARN_OBJC_ROOT_CLASS = YES_ERROR;
				CLANG_WARN_UNREACHABLE_CODE = YES;
				CLANG_WARN__DUPLICATE_METHOD_MATCH = YES;
				"CODE_SIGN_IDENTITY[sdk=iphoneos*]" = "iPhone Developer";
				COPY_PHASE_STRIP = YES;
				ENABLE_NS_ASSERTIONS = NO;
				ENABLE_STRICT_OBJC_MSGSEND = YES;
				GCC_C_LANGUAGE_STANDARD = gnu99;
				GCC_WARN_64_TO_32_BIT_CONVERSION = YES;
				GCC_WARN_ABOUT_RETURN_TYPE = YES_ERROR;
				GCC_WARN_UNDECLARED_SELECTOR = YES;
				GCC_WARN_UNINITIALIZED_AUTOS = YES_AGGRESSIVE;
				GCC_WARN_UNUSED_FUNCTION = YES;
				GCC_WARN_UNUSED_VARIABLE = YES;
				IPHONEOS_DEPLOYMENT_TARGET = 8.1;
				MTL_ENABLE_DEBUG_INFO = NO;
				SDKROOT = iphoneos;
				TARGETED_DEVICE_FAMILY = "1,2";
				VALIDATE_PRODUCT = YES;
			};
			name = Release;
		};
		3076760A1A077DFD00274788 /* Debug */ = {
			isa = XCBuildConfiguration;
			buildSettings = {
				ASSETCATALOG_COMPILER_APPICON_NAME = AppIcon;
				INFOPLIST_FILE = CreativeTest/Info.plist;
				LD_RUNPATH_SEARCH_PATHS = "$(inherited) @executable_path/Frameworks";
				PRODUCT_NAME = "$(TARGET_NAME)";
				TARGETED_DEVICE_FAMILY = 2;
			};
			name = Debug;
		};
		3076760B1A077DFD00274788 /* Release */ = {
			isa = XCBuildConfiguration;
			buildSettings = {
				ASSETCATALOG_COMPILER_APPICON_NAME = AppIcon;
				INFOPLIST_FILE = CreativeTest/Info.plist;
				LD_RUNPATH_SEARCH_PATHS = "$(inherited) @executable_path/Frameworks";
				PRODUCT_NAME = "$(TARGET_NAME)";
				TARGETED_DEVICE_FAMILY = 2;
			};
			name = Release;
		};
		3076760D1A077DFD00274788 /* Debug */ = {
			isa = XCBuildConfiguration;
			buildSettings = {
				BUNDLE_LOADER = "$(TEST_HOST)";
				FRAMEWORK_SEARCH_PATHS = (
					"$(SDKROOT)/Developer/Library/Frameworks",
					"$(inherited)",
				);
				GCC_PREPROCESSOR_DEFINITIONS = (
					"DEBUG=1",
					"$(inherited)",
				);
				INFOPLIST_FILE = CreativeTestTests/Info.plist;
				LD_RUNPATH_SEARCH_PATHS = "$(inherited) @executable_path/Frameworks @loader_path/Frameworks";
				PRODUCT_NAME = "$(TARGET_NAME)";
				TEST_HOST = "$(BUILT_PRODUCTS_DIR)/CreativeTest.app/CreativeTest";
			};
			name = Debug;
		};
		3076760E1A077DFD00274788 /* Release */ = {
			isa = XCBuildConfiguration;
			buildSettings = {
				BUNDLE_LOADER = "$(TEST_HOST)";
				FRAMEWORK_SEARCH_PATHS = (
					"$(SDKROOT)/Developer/Library/Frameworks",
					"$(inherited)",
				);
				INFOPLIST_FILE = CreativeTestTests/Info.plist;
				LD_RUNPATH_SEARCH_PATHS = "$(inherited) @executable_path/Frameworks @loader_path/Frameworks";
				PRODUCT_NAME = "$(TARGET_NAME)";
				TEST_HOST = "$(BUILT_PRODUCTS_DIR)/CreativeTest.app/CreativeTest";
			};
			name = Release;
		};
/* End XCBuildConfiguration section */

/* Begin XCConfigurationList section */
		307675DC1A077DFD00274788 /* Build configuration list for PBXProject "CreativeTest" */ = {
			isa = XCConfigurationList;
			buildConfigurations = (
				307676071A077DFD00274788 /* Debug */,
				307676081A077DFD00274788 /* Release */,
			);
			defaultConfigurationIsVisible = 0;
			defaultConfigurationName = Release;
		};
		307676091A077DFD00274788 /* Build configuration list for PBXNativeTarget "CreativeTest" */ = {
			isa = XCConfigurationList;
			buildConfigurations = (
				3076760A1A077DFD00274788 /* Debug */,
				3076760B1A077DFD00274788 /* Release */,
			);
			defaultConfigurationIsVisible = 0;
			defaultConfigurationName = Release;
		};
		3076760C1A077DFD00274788 /* Build configuration list for PBXNativeTarget "CreativeTestTests" */ = {
			isa = XCConfigurationList;
			buildConfigurations = (
				3076760D1A077DFD00274788 /* Debug */,
				3076760E1A077DFD00274788 /* Release */,
			);
			defaultConfigurationIsVisible = 0;
			defaultConfigurationName = Release;
		};
/* End XCConfigurationList section */
	};
	rootObject = 307675D91A077DFD00274788 /* Project object */;
}
